
Microsoft Visual Studio Solution File, Format Version 12.00
# Visual Studio 15
VisualStudioVersion = 15.0.26430.16
MinimumVisualStudioVersion = 10.0.40219.1
Project("{D954291E-2A0B-460D-934E-DC6B0785DB48}") = "MercadoBitcoin", "MercadoBitcoin\MercadoBitcoin\MercadoBitcoin.shproj", "{D7EC9BBE-1310-4585-9000-D351D4203148}"
EndProject
Project("{FAE04EC0-301F-11D3-BF4B-00C04F79EFBC}") = "MercadoBitcoin.Android", "MercadoBitcoin\MercadoBitcoin.Android\MercadoBitcoin.Android.csproj", "{7F682B97-8A13-4D88-8342-0F0A513F0AD7}"
EndProject
Global
	GlobalSection(SharedMSBuildProjectFiles) = preSolution
		MercadoBitcoin\MercadoBitcoin\MercadoBitcoin.projitems*{7f682b97-8a13-4d88-8342-0f0a513f0ad7}*SharedItemsImports = 4
		MercadoBitcoin\MercadoBitcoin\MercadoBitcoin.projitems*{d7ec9bbe-1310-4585-9000-d351d4203148}*SharedItemsImports = 13
	EndGlobalSection
	GlobalSection(SolutionConfigurationPlatforms) = preSolution
		Debug|Any CPU = Debug|Any CPU
		Debug|ARM = Debug|ARM
		Debug|iPhone = Debug|iPhone
		Debug|iPhoneSimulator = Debug|iPhoneSimulator
		Debug|x64 = Debug|x64
		Debug|x86 = Debug|x86
		Release|Any CPU = Release|Any CPU
		Release|ARM = Release|ARM
		Release|iPhone = Release|iPhone
		Release|iPhoneSimulator = Release|iPhoneSimulator
		Release|x64 = Release|x64
		Release|x86 = Release|x86
	EndGlobalSection
	GlobalSection(ProjectConfigurationPlatforms) = postSolution
		{7F682B97-8A13-4D88-8342-0F0A513F0AD7}.Debug|Any CPU.ActiveCfg = Debug|Any CPU
		{7F682B97-8A13-4D88-8342-0F0A513F0AD7}.Debug|Any CPU.Build.0 = Debug|Any CPU
		{7F682B97-8A13-4D88-8342-0F0A513F0AD7}.Debug|Any CPU.Deploy.0 = Debug|Any CPU
		{7F682B97-8A13-4D88-8342-0F0A513F0AD7}.Debug|ARM.ActiveCfg = Debug|Any CPU
		{7F682B97-8A13-4D88-8342-0F0A513F0AD7}.Debug|ARM.Build.0 = Debug|Any CPU
		{7F682B97-8A13-4D88-8342-0F0A513F0AD7}.Debug|ARM.Deploy.0 = Debug|Any CPU
		{7F682B97-8A13-4D88-8342-0F0A513F0AD7}.Debug|iPhone.ActiveCfg = Debug|Any CPU
		{7F682B97-8A13-4D88-8342-0F0A513F0AD7}.Debug|iPhone.Build.0 = Debug|Any CPU
		{7F682B97-8A13-4D88-8342-0F0A513F0AD7}.Debug|iPhone.Deploy.0 = Debug|Any CPU
		{7F682B97-8A13-4D88-8342-0F0A513F0AD7}.Debug|iPhoneSimulator.ActiveCfg = Debug|Any CPU
		{7F682B97-8A13-4D88-8342-0F0A513F0AD7}.Debug|iPhoneSimulator.Build.0 = Debug|Any CPU
		{7F682B97-8A13-4D88-8342-0F0A513F0AD7}.Debug|iPhoneSimulator.Deploy.0 = Debug|Any CPU
		{7F682B97-8A13-4D88-8342-0F0A513F0AD7}.Debug|x64.ActiveCfg = Debug|Any CPU
		{7F682B97-8A13-4D88-8342-0F0A513F0AD7}.Debug|x64.Build.0 = Debug|Any CPU
		{7F682B97-8A13-4D88-8342-0F0A513F0AD7}.Debug|x64.Deploy.0 = Debug|Any CPU
		{7F682B97-8A13-4D88-8342-0F0A513F0AD7}.Debug|x86.ActiveCfg = Debug|Any CPU
		{7F682B97-8A13-4D88-8342-0F0A513F0AD7}.Debug|x86.Build.0 = Debug|Any CPU
		{7F682B97-8A13-4D88-8342-0F0A513F0AD7}.Debug|x86.Deploy.0 = Debug|Any CPU
		{7F682B97-8A13-4D88-8342-0F0A513F0AD7}.Release|Any CPU.ActiveCfg = Release|Any CPU
		{7F682B97-8A13-4D88-8342-0F0A513F0AD7}.Release|Any CPU.Build.0 = Release|Any CPU
		{7F682B97-8A13-4D88-8342-0F0A513F0AD7}.Release|Any CPU.Deploy.0 = Release|Any CPU
		{7F682B97-8A13-4D88-8342-0F0A513F0AD7}.Release|ARM.ActiveCfg = Release|Any CPU
		{7F682B97-8A13-4D88-8342-0F0A513F0AD7}.Release|ARM.Build.0 = Release|Any CPU
		{7F682B97-8A13-4D88-8342-0F0A513F0AD7}.Release|ARM.Deploy.0 = Release|Any CPU
		{7F682B97-8A13-4D88-8342-0F0A513F0AD7}.Release|iPhone.ActiveCfg = Release|Any CPU
		{7F682B97-8A13-4D88-8342-0F0A513F0AD7}.Release|iPhone.Build.0 = Release|Any CPU
		{7F682B97-8A13-4D88-8342-0F0A513F0AD7}.Release|iPhone.Deploy.0 = Release|Any CPU
		{7F682B97-8A13-4D88-8342-0F0A513F0AD7}.Release|iPhoneSimulator.ActiveCfg = Release|Any CPU
		{7F682B97-8A13-4D88-8342-0F0A513F0AD7}.Release|iPhoneSimulator.Build.0 = Release|Any CPU
		{7F682B97-8A13-4D88-8342-0F0A513F0AD7}.Release|iPhoneSimulator.Deploy.0 = Release|Any CPU
		{7F682B97-8A13-4D88-8342-0F0A513F0AD7}.Release|x64.ActiveCfg = Release|Any CPU
		{7F682B97-8A13-4D88-8342-0F0A513F0AD7}.Release|x64.Build.0 = Release|Any CPU
		{7F682B97-8A13-4D88-8342-0F0A513F0AD7}.Release|x64.Deploy.0 = Release|Any CPU
		{7F682B97-8A13-4D88-8342-0F0A513F0AD7}.Release|x86.ActiveCfg = Release|Any CPU
		{7F682B97-8A13-4D88-8342-0F0A513F0AD7}.Release|x86.Build.0 = Release|Any CPU
		{7F682B97-8A13-4D88-8342-0F0A513F0AD7}.Release|x86.Deploy.0 = Release|Any CPU
	EndGlobalSection
	GlobalSection(SolutionProperties) = preSolution
		HideSolutionNode = FALSE
	EndGlobalSection
EndGlobal
